# THIS IS AN AUTOGENERATED FILE. DO NOT EDIT THIS FILE DIRECTLY.
# yarn lockfile v1


react-onclickoutside@^6.8.0:
  version "6.8.0"
  resolved "https://registry.yarnpkg.com/react-onclickoutside/-/react-onclickoutside-6.8.0.tgz#9f91b5b3ed59f4d9e43fd71620dc200773a4d569"
  integrity sha512-5Q4Rn7QLEoh7WIe66KFvYIpWJ49GeHoygP1/EtJyZjXKgrWH19Tf0Ty3lWyQzrEEDyLOwUvvmBFSE3dcDdvagA==
